
Microsoft Visual Studio Solution File, Format Version 12.00
# Visual Studio Version 17
VisualStudioVersion = 17.1.32414.318
MinimumVisualStudioVersion = 10.0.40219.1
Project("{54A90642-561A-4BB1-A94E-469ADEE60C69}") = "HealthCheck", "HealthCheck\HealthCheck.esproj", "{BFF2EB02-6249-42AD-9E5A-784EF4E8230D}"
	ProjectSection(ProjectDependencies) = postProject
		{960F0501-3136-44E7-8C20-147B395C0FD0} = {960F0501-3136-44E7-8C20-147B395C0FD0}
	EndProjectSection
EndProject
Project("{9A19103F-16F7-4668-BE54-9A1E7A4F7556}") = "HealthCheckAPI", "HealthCheckAPI\HealthCheckAPI.csproj", "{960F0501-3136-44E7-8C20-147B395C0FD0}"
EndProject
Global
	GlobalSection(SolutionConfigurationPlatforms) = preSolution
		Debug|Any CPU = Debug|Any CPU
		Release|Any CPU = Release|Any CPU
	EndGlobalSection
	GlobalSection(ProjectConfigurationPlatforms) = postSolution
		{BFF2EB02-6249-42AD-9E5A-784EF4E8230D}.Debug|Any CPU.ActiveCfg = Debug|Any CPU
		{BFF2EB02-6249-42AD-9E5A-784EF4E8230D}.Debug|Any CPU.Build.0 = Debug|Any CPU
		{BFF2EB02-6249-42AD-9E5A-784EF4E8230D}.Debug|Any CPU.Deploy.0 = Debug|Any CPU
		{BFF2EB02-6249-42AD-9E5A-784EF4E8230D}.Release|Any CPU.ActiveCfg = Release|Any CPU
		{BFF2EB02-6249-42AD-9E5A-784EF4E8230D}.Release|Any CPU.Build.0 = Release|Any CPU
		{BFF2EB02-6249-42AD-9E5A-784EF4E8230D}.Release|Any CPU.Deploy.0 = Release|Any CPU
		{960F0501-3136-44E7-8C20-147B395C0FD0}.Debug|Any CPU.ActiveCfg = Debug|Any CPU
		{960F0501-3136-44E7-8C20-147B395C0FD0}.Debug|Any CPU.Build.0 = Debug|Any CPU
		{960F0501-3136-44E7-8C20-147B395C0FD0}.Release|Any CPU.ActiveCfg = Release|Any CPU
		{960F0501-3136-44E7-8C20-147B395C0FD0}.Release|Any CPU.Build.0 = Release|Any CPU
	EndGlobalSection
	GlobalSection(SolutionProperties) = preSolution
		HideSolutionNode = FALSE
	EndGlobalSection
	GlobalSection(ExtensibilityGlobals) = postSolution
		SolutionGuid = {2C793708-FE8D-4E6E-94AC-2BE8D6377B58}
	EndGlobalSection
EndGlobal
